
Microsoft Visual Studio Solution File, Format Version 12.00
# Visual Studio Version 17
VisualStudioVersion = 17.8.34330.188
MinimumVisualStudioVersion = 10.0.40219.1
Project("{FAE04EC0-301F-11D3-BF4B-00C04F79EFBC}") = "KursinisTests", "KursinisTests\KursinisTests.csproj", "{B521CAC6-B2CA-4BD6-9F80-94714F06E9DB}"
EndProject
Global
	GlobalSection(SolutionConfigurationPlatforms) = preSolution
		Debug|Any CPU = Debug|Any CPU
		Release|Any CPU = Release|Any CPU
	EndGlobalSection
	GlobalSection(ProjectConfigurationPlatforms) = postSolution
		{B521CAC6-B2CA-4BD6-9F80-94714F06E9DB}.Debug|Any CPU.ActiveCfg = Debug|Any CPU
		{B521CAC6-B2CA-4BD6-9F80-94714F06E9DB}.Debug|Any CPU.Build.0 = Debug|Any CPU
		{B521CAC6-B2CA-4BD6-9F80-94714F06E9DB}.Release|Any CPU.ActiveCfg = Release|Any CPU
		{B521CAC6-B2CA-4BD6-9F80-94714F06E9DB}.Release|Any CPU.Build.0 = Release|Any CPU
	EndGlobalSection
	GlobalSection(SolutionProperties) = preSolution
		HideSolutionNode = FALSE
	EndGlobalSection
	GlobalSection(ExtensibilityGlobals) = postSolution
		SolutionGuid = {2D8E1C60-1CE3-481D-AAAE-1281B73533CD}
	EndGlobalSection
EndGlobal
